
Microsoft Visual Studio Solution File, Format Version 12.00
# Visual Studio 2012
Project("{FAE04EC0-301F-11D3-BF4B-00C04F79EFBC}") = "Fenrir-Server", "Fenrir-Server\Fenrir-Server.csproj", "{AC0D8230-A5DA-4049-AD24-D90B94C9D3B8}"
EndProject
Project("{FAE04EC0-301F-11D3-BF4B-00C04F79EFBC}") = "Fenrir-Server.Tests", "Fenrir-Server.Tests\Fenrir-Server.Tests.csproj", "{529C6ADF-BBEB-48EA-A057-D1071FF0B9BE}"
EndProject
Global
	GlobalSection(SolutionConfigurationPlatforms) = preSolution
		Debug|Any CPU = Debug|Any CPU
		Release|Any CPU = Release|Any CPU
	EndGlobalSection
	GlobalSection(ProjectConfigurationPlatforms) = postSolution
		{AC0D8230-A5DA-4049-AD24-D90B94C9D3B8}.Debug|Any CPU.ActiveCfg = Debug|Any CPU
		{AC0D8230-A5DA-4049-AD24-D90B94C9D3B8}.Debug|Any CPU.Build.0 = Debug|Any CPU
		{AC0D8230-A5DA-4049-AD24-D90B94C9D3B8}.Release|Any CPU.ActiveCfg = Release|Any CPU
		{AC0D8230-A5DA-4049-AD24-D90B94C9D3B8}.Release|Any CPU.Build.0 = Release|Any CPU
		{529C6ADF-BBEB-48EA-A057-D1071FF0B9BE}.Debug|Any CPU.ActiveCfg = Debug|Any CPU
		{529C6ADF-BBEB-48EA-A057-D1071FF0B9BE}.Debug|Any CPU.Build.0 = Debug|Any CPU
		{529C6ADF-BBEB-48EA-A057-D1071FF0B9BE}.Release|Any CPU.ActiveCfg = Release|Any CPU
		{529C6ADF-BBEB-48EA-A057-D1071FF0B9BE}.Release|Any CPU.Build.0 = Release|Any CPU
	EndGlobalSection
	GlobalSection(SolutionProperties) = preSolution
		HideSolutionNode = FALSE
	EndGlobalSection
EndGlobal
